// !$*UTF8*$!
{
	archiveVersion = 1;
	classes = {
	};
	objectVersion = 50;
	objects = {

/* Begin PBXBuildFile section */
		6447C9A81461B74509D868A3 /* Pods_virtualTourist.framework in Frameworks */ = {isa = PBXBuildFile; fileRef = 350BB49243937187CDD2DA38 /* Pods_virtualTourist.framework */; };
		850E01D621C3FFD400F9A435 /* AppDelegate.swift in Sources */ = {isa = PBXBuildFile; fileRef = 850E01D521C3FFD400F9A435 /* AppDelegate.swift */; };
		850E01D821C3FFD400F9A435 /* MapVC.swift in Sources */ = {isa = PBXBuildFile; fileRef = 850E01D721C3FFD400F9A435 /* MapVC.swift */; };
		850E01DB21C3FFD400F9A435 /* Main.storyboard in Resources */ = {isa = PBXBuildFile; fileRef = 850E01D921C3FFD400F9A435 /* Main.storyboard */; };
		850E01DE21C3FFD400F9A435 /* virtualTourist.xcdatamodeld in Sources */ = {isa = PBXBuildFile; fileRef = 850E01DC21C3FFD400F9A435 /* virtualTourist.xcdatamodeld */; };
		850E01E021C3FFDC00F9A435 /* Assets.xcassets in Resources */ = {isa = PBXBuildFile; fileRef = 850E01DF21C3FFDC00F9A435 /* Assets.xcassets */; };
		850E01E321C3FFDC00F9A435 /* LaunchScreen.storyboard in Resources */ = {isa = PBXBuildFile; fileRef = 850E01E121C3FFDC00F9A435 /* LaunchScreen.storyboard */; };
		852AF53221D6559D0053798E /* PhotoHelper.swift in Sources */ = {isa = PBXBuildFile; fileRef = 852AF53121D6559D0053798E /* PhotoHelper.swift */; };
		852AF53521D752A20053798E /* Codables.swift in Sources */ = {isa = PBXBuildFile; fileRef = 852AF53421D752A20053798E /* Codables.swift */; };
		852AF53721D752BA0053798E /* Constants.swift in Sources */ = {isa = PBXBuildFile; fileRef = 852AF53621D752BA0053798E /* Constants.swift */; };
		852AF53921D9F5A80053798E /* PhotoCVC.swift in Sources */ = {isa = PBXBuildFile; fileRef = 852AF53821D9F5A80053798E /* PhotoCVC.swift */; };
		8532939F21D285F800C45B9C /* AlbumVC.swift in Sources */ = {isa = PBXBuildFile; fileRef = 8532939E21D285F800C45B9C /* AlbumVC.swift */; };
		853293A321D295E000C45B9C /* DataController.swift in Sources */ = {isa = PBXBuildFile; fileRef = 853293A221D295E000C45B9C /* DataController.swift */; };
		853293A521D3AFDE00C45B9C /* PinHelper.swift in Sources */ = {isa = PBXBuildFile; fileRef = 853293A421D3AFDE00C45B9C /* PinHelper.swift */; };
/* End PBXBuildFile section */

/* Begin PBXFileReference section */
		350BB49243937187CDD2DA38 /* Pods_virtualTourist.framework */ = {isa = PBXFileReference; explicitFileType = wrapper.framework; includeInIndex = 0; path = Pods_virtualTourist.framework; sourceTree = BUILT_PRODUCTS_DIR; };
		850E01D221C3FFD400F9A435 /* virtualTourist.app */ = {isa = PBXFileReference; explicitFileType = wrapper.application; includeInIndex = 0; path = virtualTourist.app; sourceTree = BUILT_PRODUCTS_DIR; };
		850E01D521C3FFD400F9A435 /* AppDelegate.swift */ = {isa = PBXFileReference; lastKnownFileType = sourcecode.swift; path = AppDelegate.swift; sourceTree = "<group>"; };
		850E01D721C3FFD400F9A435 /* MapVC.swift */ = {isa = PBXFileReference; lastKnownFileType = sourcecode.swift; path = MapVC.swift; sourceTree = "<group>"; };
		850E01DA21C3FFD400F9A435 /* Base */ = {isa = PBXFileReference; lastKnownFileType = file.storyboard; name = Base; path = Base.lproj/Main.storyboard; sourceTree = "<group>"; };
		850E01DD21C3FFD400F9A435 /* virtualTourist.xcdatamodel */ = {isa = PBXFileReference; lastKnownFileType = wrapper.xcdatamodel; path = virtualTourist.xcdatamodel; sourceTree = "<group>"; };
		850E01DF21C3FFDC00F9A435 /* Assets.xcassets */ = {isa = PBXFileReference; lastKnownFileType = folder.assetcatalog; path = Assets.xcassets; sourceTree = "<group>"; };
		850E01E221C3FFDC00F9A435 /* Base */ = {isa = PBXFileReference; lastKnownFileType = file.storyboard; name = Base; path = Base.lproj/LaunchScreen.storyboard; sourceTree = "<group>"; };
		850E01E421C3FFDC00F9A435 /* Info.plist */ = {isa = PBXFileReference; lastKnownFileType = text.plist.xml; path = Info.plist; sourceTree = "<group>"; };
		852AF53121D6559D0053798E /* PhotoHelper.swift */ = {isa = PBXFileReference; lastKnownFileType = sourcecode.swift; path = PhotoHelper.swift; sourceTree = "<group>"; };
		852AF53421D752A20053798E /* Codables.swift */ = {isa = PBXFileReference; lastKnownFileType = sourcecode.swift; path = Codables.swift; sourceTree = "<group>"; };
		852AF53621D752BA0053798E /* Constants.swift */ = {isa = PBXFileReference; lastKnownFileType = sourcecode.swift; path = Constants.swift; sourceTree = "<group>"; };
		852AF53821D9F5A80053798E /* PhotoCVC.swift */ = {isa = PBXFileReference; lastKnownFileType = sourcecode.swift; path = PhotoCVC.swift; sourceTree = "<group>"; };
		8532939E21D285F800C45B9C /* AlbumVC.swift */ = {isa = PBXFileReference; lastKnownFileType = sourcecode.swift; path = AlbumVC.swift; sourceTree = "<group>"; };
		853293A221D295E000C45B9C /* DataController.swift */ = {isa = PBXFileReference; lastKnownFileType = sourcecode.swift; path = DataController.swift; sourceTree = "<group>"; };
		853293A421D3AFDE00C45B9C /* PinHelper.swift */ = {isa = PBXFileReference; lastKnownFileType = sourcecode.swift; path = PinHelper.swift; sourceTree = "<group>"; };
		DA9E589053111F583BE4A211 /* Pods-virtualTourist.debug.xcconfig */ = {isa = PBXFileReference; includeInIndex = 1; lastKnownFileType = text.xcconfig; name = "Pods-virtualTourist.debug.xcconfig"; path = "Pods/Target Support Files/Pods-virtualTourist/Pods-virtualTourist.debug.xcconfig"; sourceTree = "<group>"; };
		E24CE0ACEC7079BA92C23EBB /* Pods-virtualTourist.release.xcconfig */ = {isa = PBXFileReference; includeInIndex = 1; lastKnownFileType = text.xcconfig; name = "Pods-virtualTourist.release.xcconfig"; path = "Pods/Target Support Files/Pods-virtualTourist/Pods-virtualTourist.release.xcconfig"; sourceTree = "<group>"; };
/* End PBXFileReference section */

/* Begin PBXFrameworksBuildPhase section */
		850E01CF21C3FFD400F9A435 /* Frameworks */ = {
			isa = PBXFrameworksBuildPhase;
			buildActionMask = 2147483647;
			files = (
				6447C9A81461B74509D868A3 /* Pods_virtualTourist.framework in Frameworks */,
			);
			runOnlyForDeploymentPostprocessing = 0;
		};
/* End PBXFrameworksBuildPhase section */

/* Begin PBXGroup section */
		850E01C921C3FFD300F9A435 = {
			isa = PBXGroup;
			children = (
				850E01D421C3FFD400F9A435 /* virtualTourist */,
				850E01D321C3FFD400F9A435 /* Products */,
				96B736A56905D4820DA5463B /* Pods */,
				D10E6B17199830D82E6E7C6F /* Frameworks */,
			);
			sourceTree = "<group>";
		};
		850E01D321C3FFD400F9A435 /* Products */ = {
			isa = PBXGroup;
			children = (
				850E01D221C3FFD400F9A435 /* virtualTourist.app */,
			);
			name = Products;
			sourceTree = "<group>";
		};
		850E01D421C3FFD400F9A435 /* virtualTourist */ = {
			isa = PBXGroup;
			children = (
				850E01D521C3FFD400F9A435 /* AppDelegate.swift */,
				852AF53321D752850053798E /* Helper */,
				8532939D21D284CC00C45B9C /* models */,
				8532939C21D284BE00C45B9C /* controllers */,
				8532939B21D284B600C45B9C /* views */,
				850E01E421C3FFDC00F9A435 /* Info.plist */,
			);
			path = virtualTourist;
			sourceTree = "<group>";
		};
		852AF53321D752850053798E /* Helper */ = {
			isa = PBXGroup;
			children = (
				853293A421D3AFDE00C45B9C /* PinHelper.swift */,
				852AF53121D6559D0053798E /* PhotoHelper.swift */,
				852AF53421D752A20053798E /* Codables.swift */,
				852AF53621D752BA0053798E /* Constants.swift */,
			);
			path = Helper;
			sourceTree = "<group>";
		};
		8532939B21D284B600C45B9C /* views */ = {
			isa = PBXGroup;
			children = (
				850E01DF21C3FFDC00F9A435 /* Assets.xcassets */,
				850E01E121C3FFDC00F9A435 /* LaunchScreen.storyboard */,
				850E01D921C3FFD400F9A435 /* Main.storyboard */,
				852AF53821D9F5A80053798E /* PhotoCVC.swift */,
			);
			path = views;
			sourceTree = "<group>";
		};
		8532939C21D284BE00C45B9C /* controllers */ = {
			isa = PBXGroup;
			children = (
				850E01D721C3FFD400F9A435 /* MapVC.swift */,
				8532939E21D285F800C45B9C /* AlbumVC.swift */,
			);
			path = controllers;
			sourceTree = "<group>";
		};
		8532939D21D284CC00C45B9C /* models */ = {
			isa = PBXGroup;
			children = (
				850E01DC21C3FFD400F9A435 /* virtualTourist.xcdatamodeld */,
				853293A221D295E000C45B9C /* DataController.swift */,
			);
			path = models;
			sourceTree = "<group>";
		};
		96B736A56905D4820DA5463B /* Pods */ = {
			isa = PBXGroup;
			children = (
				DA9E589053111F583BE4A211 /* Pods-virtualTourist.debug.xcconfig */,
				E24CE0ACEC7079BA92C23EBB /* Pods-virtualTourist.release.xcconfig */,
			);
			name = Pods;
			sourceTree = "<group>";
		};
		D10E6B17199830D82E6E7C6F /* Frameworks */ = {
			isa = PBXGroup;
			children = (
				350BB49243937187CDD2DA38 /* Pods_virtualTourist.framework */,
			);
			name = Frameworks;
			sourceTree = "<group>";
		};
/* End PBXGroup section */

/* Begin PBXNativeTarget section */
		850E01D121C3FFD400F9A435 /* virtualTourist */ = {
			isa = PBXNativeTarget;
			buildConfigurationList = 850E01E721C3FFDC00F9A435 /* Build configuration list for PBXNativeTarget "virtualTourist" */;
			buildPhases = (
				2D0B8DA404AD93378A2EC0EB /* [CP] Check Pods Manifest.lock */,
				850E01CE21C3FFD400F9A435 /* Sources */,
				850E01CF21C3FFD400F9A435 /* Frameworks */,
				850E01D021C3FFD400F9A435 /* Resources */,
				25104BA89A893383044C390E /* [CP] Embed Pods Frameworks */,
			);
			buildRules = (
			);
			dependencies = (
			);
			name = virtualTourist;
			productName = virtualTourist;
			productReference = 850E01D221C3FFD400F9A435 /* virtualTourist.app */;
			productType = "com.apple.product-type.application";
		};
/* End PBXNativeTarget section */

/* Begin PBXProject section */
		850E01CA21C3FFD300F9A435 /* Project object */ = {
			isa = PBXProject;
			attributes = {
				LastSwiftUpdateCheck = 1010;
				LastUpgradeCheck = 1010;
				ORGANIZATIONNAME = tam;
				TargetAttributes = {
					850E01D121C3FFD400F9A435 = {
						CreatedOnToolsVersion = 10.1;
					};
				};
			};
			buildConfigurationList = 850E01CD21C3FFD300F9A435 /* Build configuration list for PBXProject "virtualTourist" */;
			compatibilityVersion = "Xcode 9.3";
			developmentRegion = en;
			hasScannedForEncodings = 0;
			knownRegions = (
				en,
				Base,
			);
			mainGroup = 850E01C921C3FFD300F9A435;
			productRefGroup = 850E01D321C3FFD400F9A435 /* Products */;
			projectDirPath = "";
			projectRoot = "";
			targets = (
				850E01D121C3FFD400F9A435 /* virtualTourist */,
			);
		};
/* End PBXProject section */

/* Begin PBXResourcesBuildPhase section */
		850E01D021C3FFD400F9A435 /* Resources */ = {
			isa = PBXResourcesBuildPhase;
			buildActionMask = 2147483647;
			files = (
				850E01E321C3FFDC00F9A435 /* LaunchScreen.storyboard in Resources */,
				850E01E021C3FFDC00F9A435 /* Assets.xcassets in Resources */,
				850E01DB21C3FFD400F9A435 /* Main.storyboard in Resources */,
			);
			runOnlyForDeploymentPostprocessing = 0;
		};
/* End PBXResourcesBuildPhase section */

/* Begin PBXShellScriptBuildPhase section */
		25104BA89A893383044C390E /* [CP] Embed Pods Frameworks */ = {
			isa = PBXShellScriptBuildPhase;
			buildActionMask = 2147483647;
			files = (
			);
			inputPaths = (
				"${SRCROOT}/Pods/Target Support Files/Pods-virtualTourist/Pods-virtualTourist-frameworks.sh",
				"${BUILT_PRODUCTS_DIR}/Alamofire/Alamofire.framework",
				"${BUILT_PRODUCTS_DIR}/Kingfisher/Kingfisher.framework",
			);
			name = "[CP] Embed Pods Frameworks";
			outputPaths = (
				"${TARGET_BUILD_DIR}/${FRAMEWORKS_FOLDER_PATH}/Alamofire.framework",
				"${TARGET_BUILD_DIR}/${FRAMEWORKS_FOLDER_PATH}/Kingfisher.framework",
			);
			runOnlyForDeploymentPostprocessing = 0;
			shellPath = /bin/sh;
			shellScript = "\"${SRCROOT}/Pods/Target Support Files/Pods-virtualTourist/Pods-virtualTourist-frameworks.sh\"\n";
			showEnvVarsInLog = 0;
		};
		2D0B8DA404AD93378A2EC0EB /* [CP] Check Pods Manifest.lock */ = {
			isa = PBXShellScriptBuildPhase;
			buildActionMask = 2147483647;
			files = (
			);
			inputPaths = (
				"${PODS_PODFILE_DIR_PATH}/Podfile.lock",
				"${PODS_ROOT}/Manifest.lock",
			);
			name = "[CP] Check Pods Manifest.lock";
			outputPaths = (
				"$(DERIVED_FILE_DIR)/Pods-virtualTourist-checkManifestLockResult.txt",
			);
			runOnlyForDeploymentPostprocessing = 0;
			shellPath = /bin/sh;
			shellScript = "diff \"${PODS_PODFILE_DIR_PATH}/Podfile.lock\" \"${PODS_ROOT}/Manifest.lock\" > /dev/null\nif [ $? != 0 ] ; then\n    # print error to STDERR\n    echo \"error: The sandbox is not in sync with the Podfile.lock. Run 'pod install' or update your CocoaPods installation.\" >&2\n    exit 1\nfi\n# This output is used by Xcode 'outputs' to avoid re-running this script phase.\necho \"SUCCESS\" > \"${SCRIPT_OUTPUT_FILE_0}\"\n";
			showEnvVarsInLog = 0;
		};
/* End PBXShellScriptBuildPhase section */

/* Begin PBXSourcesBuildPhase section */
		850E01CE21C3FFD400F9A435 /* Sources */ = {
			isa = PBXSourcesBuildPhase;
			buildActionMask = 2147483647;
			files = (
				853293A321D295E000C45B9C /* DataController.swift in Sources */,
				850E01D821C3FFD400F9A435 /* MapVC.swift in Sources */,
				850E01DE21C3FFD400F9A435 /* virtualTourist.xcdatamodeld in Sources */,
				852AF53221D6559D0053798E /* PhotoHelper.swift in Sources */,
				853293A521D3AFDE00C45B9C /* PinHelper.swift in Sources */,
				8532939F21D285F800C45B9C /* AlbumVC.swift in Sources */,
				852AF53521D752A20053798E /* Codables.swift in Sources */,
				850E01D621C3FFD400F9A435 /* AppDelegate.swift in Sources */,
				852AF53721D752BA0053798E /* Constants.swift in Sources */,
				852AF53921D9F5A80053798E /* PhotoCVC.swift in Sources */,
			);
			runOnlyForDeploymentPostprocessing = 0;
		};
/* End PBXSourcesBuildPhase section */

/* Begin PBXVariantGroup section */
		850E01D921C3FFD400F9A435 /* Main.storyboard */ = {
			isa = PBXVariantGroup;
			children = (
				850E01DA21C3FFD400F9A435 /* Base */,
			);
			name = Main.storyboard;
			sourceTree = "<group>";
		};
		850E01E121C3FFDC00F9A435 /* LaunchScreen.storyboard */ = {
			isa = PBXVariantGroup;
			children = (
				850E01E221C3FFDC00F9A435 /* Base */,
			);
			name = LaunchScreen.storyboard;
			sourceTree = "<group>";
		};
/* End PBXVariantGroup section */

/* Begin XCBuildConfiguration section */
		850E01E521C3FFDC00F9A435 /* Debug */ = {
			isa = XCBuildConfiguration;
			buildSettings = {
				ALWAYS_SEARCH_USER_PATHS = NO;
				CLANG_ANALYZER_NONNULL = YES;
				CLANG_ANALYZER_NUMBER_OBJECT_CONVERSION = YES_AGGRESSIVE;
				CLANG_CXX_LANGUAGE_STANDARD = "gnu++14";
				CLANG_CXX_LIBRARY = "libc++";
				CLANG_ENABLE_MODULES = YES;
				CLANG_ENABLE_OBJC_ARC = YES;
				CLANG_ENABLE_OBJC_WEAK = YES;
				CLANG_WARN_BLOCK_CAPTURE_AUTORELEASING = YES;
				CLANG_WARN_BOOL_CONVERSION = YES;
				CLANG_WARN_COMMA = YES;
				CLANG_WARN_CONSTANT_CONVERSION = YES;
				CLANG_WARN_DEPRECATED_OBJC_IMPLEMENTATIONS = YES;
				CLANG_WARN_DIRECT_OBJC_ISA_USAGE = YES_ERROR;
				CLANG_WARN_DOCUMENTATION_COMMENTS = YES;
				CLANG_WARN_EMPTY_BODY = YES;
				CLANG_WARN_ENUM_CONVERSION = YES;
				CLANG_WARN_INFINITE_RECURSION = YES;
				CLANG_WARN_INT_CONVERSION = YES;
				CLANG_WARN_NON_LITERAL_NULL_CONVERSION = YES;
				CLANG_WARN_OBJC_IMPLICIT_RETAIN_SELF = YES;
				CLANG_WARN_OBJC_LITERAL_CONVERSION = YES;
				CLANG_WARN_OBJC_ROOT_CLASS = YES_ERROR;
				CLANG_WARN_RANGE_LOOP_ANALYSIS = YES;
				CLANG_WARN_STRICT_PROTOTYPES = YES;
				CLANG_WARN_SUSPICIOUS_MOVE = YES;
				CLANG_WARN_UNGUARDED_AVAILABILITY = YES_AGGRESSIVE;
				CLANG_WARN_UNREACHABLE_CODE = YES;
				CLANG_WARN__DUPLICATE_METHOD_MATCH = YES;
				CODE_SIGN_IDENTITY = "iPhone Developer";
				COPY_PHASE_STRIP = NO;
				DEBUG_INFORMATION_FORMAT = dwarf;
				ENABLE_STRICT_OBJC_MSGSEND = YES;
				ENABLE_TESTABILITY = YES;
				GCC_C_LANGUAGE_STANDARD = gnu11;
				GCC_DYNAMIC_NO_PIC = NO;
				GCC_NO_COMMON_BLOCKS = YES;
				GCC_OPTIMIZATION_LEVEL = 0;
				GCC_PREPROCESSOR_DEFINITIONS = (
					"DEBUG=1",
					"$(inherited)",
				);
				GCC_WARN_64_TO_32_BIT_CONVERSION = YES;
				GCC_WARN_ABOUT_RETURN_TYPE = YES_ERROR;
				GCC_WARN_UNDECLARED_SELECTOR = YES;
				GCC_WARN_UNINITIALIZED_AUTOS = YES_AGGRESSIVE;
				GCC_WARN_UNUSED_FUNCTION = YES;
				GCC_WARN_UNUSED_VARIABLE = YES;
				IPHONEOS_DEPLOYMENT_TARGET = 12.1;
				MTL_ENABLE_DEBUG_INFO = INCLUDE_SOURCE;
				MTL_FAST_MATH = YES;
				ONLY_ACTIVE_ARCH = YES;
				SDKROOT = iphoneos;
				SWIFT_ACTIVE_COMPILATION_CONDITIONS = DEBUG;
				SWIFT_OPTIMIZATION_LEVEL = "-Onone";
			};
			name = Debug;
		};
		850E01E621C3FFDC00F9A435 /* Release */ = {
			isa = XCBuildConfiguration;
			buildSettings = {
				ALWAYS_SEARCH_USER_PATHS = NO;
				CLANG_ANALYZER_NONNULL = YES;
				CLANG_ANALYZER_NUMBER_OBJECT_CONVERSION = YES_AGGRESSIVE;
				CLANG_CXX_LANGUAGE_STANDARD = "gnu++14";
				CLANG_CXX_LIBRARY = "libc++";
				CLANG_ENABLE_MODULES = YES;
				CLANG_ENABLE_OBJC_ARC = YES;
				CLANG_ENABLE_OBJC_WEAK = YES;
				CLANG_WARN_BLOCK_CAPTURE_AUTORELEASING = YES;
				CLANG_WARN_BOOL_CONVERSION = YES;
				CLANG_WARN_COMMA = YES;
				CLANG_WARN_CONSTANT_CONVERSION = YES;
				CLANG_WARN_DEPRECATED_OBJC_IMPLEMENTATIONS = YES;
				CLANG_WARN_DIRECT_OBJC_ISA_USAGE = YES_ERROR;
				CLANG_WARN_DOCUMENTATION_COMMENTS = YES;
				CLANG_WARN_EMPTY_BODY = YES;
				CLANG_WARN_ENUM_CONVERSION = YES;
				CLANG_WARN_INFINITE_RECURSION = YES;
				CLANG_WARN_INT_CONVERSION = YES;
				CLANG_WARN_NON_LITERAL_NULL_CONVERSION = YES;
				CLANG_WARN_OBJC_IMPLICIT_RETAIN_SELF = YES;
				CLANG_WARN_OBJC_LITERAL_CONVERSION = YES;
				CLANG_WARN_OBJC_ROOT_CLASS = YES_ERROR;
				CLANG_WARN_RANGE_LOOP_ANALYSIS = YES;
				CLANG_WARN_STRICT_PROTOTYPES = YES;
				CLANG_WARN_SUSPICIOUS_MOVE = YES;
				CLANG_WARN_UNGUARDED_AVAILABILITY = YES_AGGRESSIVE;
				CLANG_WARN_UNREACHABLE_CODE = YES;
				CLANG_WARN__DUPLICATE_METHOD_MATCH = YES;
				CODE_SIGN_IDENTITY = "iPhone Developer";
				COPY_PHASE_STRIP = NO;
				DEBUG_INFORMATION_FORMAT = "dwarf-with-dsym";
				ENABLE_NS_ASSERTIONS = NO;
				ENABLE_STRICT_OBJC_MSGSEND = YES;
				GCC_C_LANGUAGE_STANDARD = gnu11;
				GCC_NO_COMMON_BLOCKS = YES;
				GCC_WARN_64_TO_32_BIT_CONVERSION = YES;
				GCC_WARN_ABOUT_RETURN_TYPE = YES_ERROR;
				GCC_WARN_UNDECLARED_SELECTOR = YES;
				GCC_WARN_UNINITIALIZED_AUTOS = YES_AGGRESSIVE;
				GCC_WARN_UNUSED_FUNCTION = YES;
				GCC_WARN_UNUSED_VARIABLE = YES;
				IPHONEOS_DEPLOYMENT_TARGET = 12.1;
				MTL_ENABLE_DEBUG_INFO = NO;
				MTL_FAST_MATH = YES;
				SDKROOT = iphoneos;
				SWIFT_COMPILATION_MODE = wholemodule;
				SWIFT_OPTIMIZATION_LEVEL = "-O";
				VALIDATE_PRODUCT = YES;
			};
			name = Release;
		};
		850E01E821C3FFDC00F9A435 /* Debug */ = {
			isa = XCBuildConfiguration;
			baseConfigurationReference = DA9E589053111F583BE4A211 /* Pods-virtualTourist.debug.xcconfig */;
			buildSettings = {
				ASSETCATALOG_COMPILER_APPICON_NAME = AppIcon;
				CODE_SIGN_STYLE = Automatic;
				DEVELOPMENT_TEAM = 7U476A9WC6;
				INFOPLIST_FILE = virtualTourist/Info.plist;
				LD_RUNPATH_SEARCH_PATHS = "$(inherited) @executable_path/Frameworks";
				PRODUCT_BUNDLE_IDENTIFIER = com.tam.virtualTourist;
				PRODUCT_NAME = "$(TARGET_NAME)";
				SWIFT_VERSION = 4.2;
				TARGETED_DEVICE_FAMILY = "1,2";
			};
			name = Debug;
		};
		850E01E921C3FFDC00F9A435 /* Release */ = {
			isa = XCBuildConfiguration;
			baseConfigurationReference = E24CE0ACEC7079BA92C23EBB /* Pods-virtualTourist.release.xcconfig */;
			buildSettings = {
				ASSETCATALOG_COMPILER_APPICON_NAME = AppIcon;
				CODE_SIGN_STYLE = Automatic;
				DEVELOPMENT_TEAM = 7U476A9WC6;
				INFOPLIST_FILE = virtualTourist/Info.plist;
				LD_RUNPATH_SEARCH_PATHS = "$(inherited) @executable_path/Frameworks";
				PRODUCT_BUNDLE_IDENTIFIER = com.tam.virtualTourist;
				PRODUCT_NAME = "$(TARGET_NAME)";
				SWIFT_VERSION = 4.2;
				TARGETED_DEVICE_FAMILY = "1,2";
			};
			name = Release;
		};
/* End XCBuildConfiguration section */

/* Begin XCConfigurationList section */
		850E01CD21C3FFD300F9A435 /* Build configuration list for PBXProject "virtualTourist" */ = {
			isa = XCConfigurationList;
			buildConfigurations = (
				850E01E521C3FFDC00F9A435 /* Debug */,
				850E01E621C3FFDC00F9A435 /* Release */,
			);
			defaultConfigurationIsVisible = 0;
			defaultConfigurationName = Release;
		};
		850E01E721C3FFDC00F9A435 /* Build configuration list for PBXNativeTarget "virtualTourist" */ = {
			isa = XCConfigurationList;
			buildConfigurations = (
				850E01E821C3FFDC00F9A435 /* Debug */,
				850E01E921C3FFDC00F9A435 /* Release */,
			);
			defaultConfigurationIsVisible = 0;
			defaultConfigurationName = Release;
		};
/* End XCConfigurationList section */

/* Begin XCVersionGroup section */
		850E01DC21C3FFD400F9A435 /* virtualTourist.xcdatamodeld */ = {
			isa = XCVersionGroup;
			children = (
				850E01DD21C3FFD400F9A435 /* virtualTourist.xcdatamodel */,
			);
			currentVersion = 850E01DD21C3FFD400F9A435 /* virtualTourist.xcdatamodel */;
			path = virtualTourist.xcdatamodeld;
			sourceTree = "<group>";
			versionGroupType = wrapper.xcdatamodel;
		};
/* End XCVersionGroup section */
	};
	rootObject = 850E01CA21C3FFD300F9A435 /* Project object */;
}
